# THIS IS AN AUTOGENERATED FILE. DO NOT EDIT THIS FILE DIRECTLY.
# yarn lockfile v1


"@firebase/analytics-types@0.4.0":
  version "0.4.0"
  resolved "https://registry.yarnpkg.com/@firebase/analytics-types/-/analytics-types-0.4.0.tgz#d6716f9fa36a6e340bc0ecfe68af325aa6f60508"

"@firebase/analytics@0.6.0":
  version "0.6.0"
  resolved "https://registry.yarnpkg.com/@firebase/analytics/-/analytics-0.6.0.tgz#49f508d3f9f419f08c503f1171ef5fa1c3ba52eb"
  dependencies:
    "@firebase/analytics-types" "0.4.0"
    "@firebase/component" "0.1.19"
    "@firebase/installations" "0.4.17"
    "@firebase/logger" "0.2.6"
    "@firebase/util" "0.3.2"
    tslib "^1.11.1"

"@firebase/app-types@0.6.1":
  version "0.6.1"
  resolved "https://registry.yarnpkg.com/@firebase/app-types/-/app-types-0.6.1.tgz#dcbd23030a71c0c74fc95d4a3f75ba81653850e9"

"@firebase/app@0.6.11":
  version "0.6.11"
  resolved "https://registry.yarnpkg.com/@firebase/app/-/app-0.6.11.tgz#f73f9e4571ba62f4029d8f9c9880a97e5a94eb1d"
  dependencies:
    "@firebase/app-types" "0.6.1"
    "@firebase/component" "0.1.19"
    "@firebase/logger" "0.2.6"
    "@firebase/util" "0.3.2"
    dom-storage "2.1.0"
    tslib "^1.11.1"
    xmlhttprequest "1.8.0"

"@firebase/auth-interop-types@0.1.5":
  version "0.1.5"
  resolved "https://registry.yarnpkg.com/@firebase/auth-interop-types/-/auth-interop-types-0.1.5.tgz#9fc9bd7c879f16b8d1bb08373a0f48c3a8b74557"

"@firebase/auth-types@0.10.1":
  version "0.10.1"
  resolved "https://registry.yarnpkg.com/@firebase/auth-types/-/auth-types-0.10.1.tgz#7815e71c9c6f072034415524b29ca8f1d1770660"

"@firebase/auth@0.15.0":
  version "0.15.0"
  resolved "https://registry.yarnpkg.com/@firebase/auth/-/auth-0.15.0.tgz#45d6def6d6d9444432c005710df442991828275f"
  dependencies:
    "@firebase/auth-types" "0.10.1"

"@firebase/component@0.1.19":
  version "0.1.19"
  resolved "https://registry.yarnpkg.com/@firebase/component/-/component-0.1.19.tgz#bd2ac601652c22576b574c08c40da245933dbac7"
  dependencies:
    "@firebase/util" "0.3.2"
    tslib "^1.11.1"

"@firebase/database-types@0.5.2":
  version "0.5.2"
  resolved "https://registry.yarnpkg.com/@firebase/database-types/-/database-types-0.5.2.tgz#23bec8477f84f519727f165c687761e29958b63c"
  dependencies:
    "@firebase/app-types" "0.6.1"

"@firebase/database@0.6.13":
  version "0.6.13"
  resolved "https://registry.yarnpkg.com/@firebase/database/-/database-0.6.13.tgz#b96fe0c53757dd6404ee085fdcb45c0f9f525c17"
  dependencies:
    "@firebase/auth-interop-types" "0.1.5"
    "@firebase/component" "0.1.19"
    "@firebase/database-types" "0.5.2"
    "@firebase/logger" "0.2.6"
    "@firebase/util" "0.3.2"
    faye-websocket "0.11.3"
    tslib "^1.11.1"

"@firebase/firestore-types@1.14.0":
  version "1.14.0"
  resolved "https://registry.yarnpkg.com/@firebase/firestore-types/-/firestore-types-1.14.0.tgz#4516249d3c181849fd3c856831944dbd5c8c55fc"

"@firebase/firestore@1.18.0":
  version "1.18.0"
  resolved "https://registry.yarnpkg.com/@firebase/firestore/-/firestore-1.18.0.tgz#3430e8c60d3e6be1d174b3a258838b1944c93a4d"
  dependencies:
    "@firebase/component" "0.1.19"
    "@firebase/firestore-types" "1.14.0"
    "@firebase/logger" "0.2.6"
    "@firebase/util" "0.3.2"
    "@firebase/webchannel-wrapper" "0.4.0"
    "@grpc/grpc-js" "^1.0.0"
    "@grpc/proto-loader" "^0.5.0"
    node-fetch "2.6.1"
    tslib "^1.11.1"

"@firebase/functions-types@0.3.17":
  version "0.3.17"
  resolved "https://registry.yarnpkg.com/@firebase/functions-types/-/functions-types-0.3.17.tgz#348bf5528b238eeeeeae1d52e8ca547b21d33a94"

"@firebase/functions@0.5.1":
  version "0.5.1"
  resolved "https://registry.yarnpkg.com/@firebase/functions/-/functions-0.5.1.tgz#fa0568bdcdf7dfa7e5f4f66c1e06e376dc7e25b6"
  dependencies:
    "@firebase/component" "0.1.19"
    "@firebase/functions-types" "0.3.17"
    "@firebase/messaging-types" "0.5.0"
    node-fetch "2.6.1"
    tslib "^1.11.1"

"@firebase/installations-types@0.3.4":
  version "0.3.4"
  resolved "https://registry.yarnpkg.com/@firebase/installations-types/-/installations-types-0.3.4.tgz#589a941d713f4f64bf9f4feb7f463505bab1afa2"

"@firebase/installations@0.4.17":
  version "0.4.17"
  resolved "https://registry.yarnpkg.com/@firebase/installations/-/installations-0.4.17.tgz#1367b721e2c6c4880646bbc4f257e8616986a004"
  dependencies:
    "@firebase/component" "0.1.19"
    "@firebase/installations-types" "0.3.4"
    "@firebase/util" "0.3.2"
    idb "3.0.2"
    tslib "^1.11.1"

"@firebase/logger@0.2.6":
  version "0.2.6"
  resolved "https://registry.yarnpkg.com/@firebase/logger/-/logger-0.2.6.tgz#3aa2ca4fe10327cabf7808bd3994e88db26d7989"

"@firebase/messaging-types@0.5.0":
  version "0.5.0"
  resolved "https://registry.yarnpkg.com/@firebase/messaging-types/-/messaging-types-0.5.0.tgz#c5d0ef309ced1758fda93ef3ac70a786de2e73c4"

"@firebase/messaging@0.7.1":
  version "0.7.1"
  resolved "https://registry.yarnpkg.com/@firebase/messaging/-/messaging-0.7.1.tgz#debbe7eb17c5b789231da6c166c506e19ecf1ed4"
  dependencies:
    "@firebase/component" "0.1.19"
    "@firebase/installations" "0.4.17"
    "@firebase/messaging-types" "0.5.0"
    "@firebase/util" "0.3.2"
    idb "3.0.2"
    tslib "^1.11.1"

"@firebase/performance-types@0.0.13":
  version "0.0.13"
  resolved "https://registry.yarnpkg.com/@firebase/performance-types/-/performance-types-0.0.13.tgz#58ce5453f57e34b18186f74ef11550dfc558ede6"

"@firebase/performance@0.4.2":
  version "0.4.2"
  resolved "https://registry.yarnpkg.com/@firebase/performance/-/performance-0.4.2.tgz#d5f134674b429d095ce0edfb50fcb4ab279c3cbe"
  dependencies:
    "@firebase/component" "0.1.19"
    "@firebase/installations" "0.4.17"
    "@firebase/logger" "0.2.6"
    "@firebase/performance-types" "0.0.13"
    "@firebase/util" "0.3.2"
    tslib "^1.11.1"

"@firebase/polyfill@0.3.36":
  version "0.3.36"
  resolved "https://registry.yarnpkg.com/@firebase/polyfill/-/polyfill-0.3.36.tgz#c057cce6748170f36966b555749472b25efdb145"
  dependencies:
    core-js "3.6.5"
    promise-polyfill "8.1.3"
    whatwg-fetch "2.0.4"

"@firebase/remote-config-types@0.1.9":
  version "0.1.9"
  resolved "https://registry.yarnpkg.com/@firebase/remote-config-types/-/remote-config-types-0.1.9.tgz#fe6bbe4d08f3b6e92fce30e4b7a9f4d6a96d6965"

"@firebase/remote-config@0.1.28":
  version "0.1.28"
  resolved "https://registry.yarnpkg.com/@firebase/remote-config/-/remote-config-0.1.28.tgz#1c39916446f1ed82b4c07e556455bd232fcfd8e1"
  dependencies:
    "@firebase/component" "0.1.19"
    "@firebase/installations" "0.4.17"
    "@firebase/logger" "0.2.6"
    "@firebase/remote-config-types" "0.1.9"
    "@firebase/util" "0.3.2"
    tslib "^1.11.1"

"@firebase/storage-types@0.3.13":
  version "0.3.13"
  resolved "https://registry.yarnpkg.com/@firebase/storage-types/-/storage-types-0.3.13.tgz#cd43e939a2ab5742e109eb639a313673a48b5458"

"@firebase/storage@0.3.43":
  version "0.3.43"
  resolved "https://registry.yarnpkg.com/@firebase/storage/-/storage-0.3.43.tgz#107fb5db2eff2561b5c4e35ee4cbff48f28c7e77"
  dependencies:
    "@firebase/component" "0.1.19"
    "@firebase/storage-types" "0.3.13"
    "@firebase/util" "0.3.2"
    tslib "^1.11.1"

"@firebase/util@0.3.2":
  version "0.3.2"
  resolved "https://registry.yarnpkg.com/@firebase/util/-/util-0.3.2.tgz#87de27f9cffc2324651cabf6ec133d0a9eb21b52"
  dependencies:
    tslib "^1.11.1"

"@firebase/webchannel-wrapper@0.4.0":
  version "0.4.0"
  resolved "https://registry.yarnpkg.com/@firebase/webchannel-wrapper/-/webchannel-wrapper-0.4.0.tgz#becce788818d3f47f0ac1a74c3c061ac1dcf4f6d"

"@grpc/grpc-js@^1.0.0":
  version "1.5.7"
  resolved "https://registry.yarnpkg.com/@grpc/grpc-js/-/grpc-js-1.5.7.tgz#c83a5dc1d0cf7b8aa82371cfa7125955d1f25a96"
  dependencies:
    "@grpc/proto-loader" "^0.6.4"
    "@types/node" ">=12.12.47"

"@grpc/proto-loader@^0.5.0":
  version "0.5.6"
  resolved "https://registry.yarnpkg.com/@grpc/proto-loader/-/proto-loader-0.5.6.tgz#1dea4b8a6412b05e2d58514d507137b63a52a98d"
  dependencies:
    lodash.camelcase "^4.3.0"
    protobufjs "^6.8.6"

"@grpc/proto-loader@^0.6.4":
  version "0.6.9"
  resolved "https://registry.yarnpkg.com/@grpc/proto-loader/-/proto-loader-0.6.9.tgz#4014eef366da733f8e04a9ddd7376fe8a58547b7"
  dependencies:
    "@types/long" "^4.0.1"
    lodash.camelcase "^4.3.0"
    long "^4.0.0"
    protobufjs "^6.10.0"
    yargs "^16.2.0"

"@polymer/app-layout@^3.0.0-pre.21":
  version "3.0.1"
  resolved "https://registry.yarnpkg.com/@polymer/app-layout/-/app-layout-3.0.1.tgz#41266a4ae358a4f180b83d1d570a260a09570a33"
  dependencies:
    "@polymer/iron-flex-layout" "^3.0.0-pre.26"
    "@polymer/iron-media-query" "^3.0.0-pre.26"
    "@polymer/iron-resizable-behavior" "^3.0.0-pre.26"
    "@polymer/iron-scroll-target-behavior" "^3.0.0-pre.26"
    "@polymer/polymer" "^3.0.0"

"@polymer/app-storage@^3.0.0-pre.21":
  version "3.0.2"
  resolved "https://registry.yarnpkg.com/@polymer/app-storage/-/app-storage-3.0.2.tgz#9303d9cf246f4882b223cca7c36901ecc6fa003c"
  dependencies:
    "@polymer/polymer" "^3.0.0"

"@polymer/font-roboto@^3.0.1":
  version "3.0.2"
  resolved "https://registry.yarnpkg.com/@polymer/font-roboto/-/font-roboto-3.0.2.tgz#80cdaa7225db2359130dfb2c6d9a3be1820020c3"

"@polymer/iron-a11y-announcer@^3.0.0-pre.26":
  version "3.0.2"
  resolved "https://registry.yarnpkg.com/@polymer/iron-a11y-announcer/-/iron-a11y-announcer-3.0.2.tgz#730dd36ccb2e042ecd5160ba439c2bf2f8a97412"
  dependencies:
    "@polymer/polymer" "^3.0.0"

"@polymer/iron-a11y-keys-behavior@^3.0.0-pre.26":
  version "3.0.1"
  resolved "https://registry.yarnpkg.com/@polymer/iron-a11y-keys-behavior/-/iron-a11y-keys-behavior-3.0.1.tgz#2868ea72912d2007ffab4734684a91f5aac49b84"
  dependencies:
    "@polymer/polymer" "^3.0.0"

"@polymer/iron-ajax@^3.0.0-pre.21":
  version "3.0.1"
  resolved "https://registry.yarnpkg.com/@polymer/iron-ajax/-/iron-ajax-3.0.1.tgz#831781be31ced011ac7243a46e34a775a4bb3133"
  dependencies:
    "@polymer/polymer" "^3.0.0"

"@polymer/iron-behaviors@^3.0.0-pre.26":
  version "3.0.1"
  resolved "https://registry.yarnpkg.com/@polymer/iron-behaviors/-/iron-behaviors-3.0.1.tgz#a3b6f876779a7f0a91a15e4423890968b6525901"
  dependencies:
    "@polymer/iron-a11y-keys-behavior" "^3.0.0-pre.26"
    "@polymer/polymer" "^3.0.0"

"@polymer/iron-checked-element-behavior@^3.0.0-pre.26":
  version "3.0.1"
  resolved "https://registry.yarnpkg.com/@polymer/iron-checked-element-behavior/-/iron-checked-element-behavior-3.0.1.tgz#7a4b49646603657ab2c5e5ca7bd97f34444fdaf5"
  dependencies:
    "@polymer/iron-form-element-behavior" "^3.0.0-pre.26"
    "@polymer/iron-validatable-behavior" "^3.0.0-pre.26"
    "@polymer/polymer" "^3.0.0"

"@polymer/iron-component-page@^3.0.0-pre.21":
  version "3.0.0-pre.21"
  resolved "https://registry.yarnpkg.com/@polymer/iron-component-page/-/iron-component-page-3.0.0-pre.21.tgz#c661a0fbd2dd00e87a8209140c8749fdec9425b3"
  dependencies:
    "@polymer/app-layout" "^3.0.0-pre.21"
    "@polymer/iron-ajax" "^3.0.0-pre.21"
    "@polymer/iron-doc-viewer" "^3.0.0-pre.21"
    "@polymer/iron-icons" "^3.0.0-pre.21"
    "@polymer/paper-icon-button" "^3.0.0-pre.21"
    "@polymer/paper-styles" "^3.0.0-pre.21"
    "@polymer/paper-toast" "^3.0.0-pre.21"
    "@polymer/polymer" "^3.0.0"

"@polymer/iron-doc-viewer@^3.0.0-pre.21":
  version "3.0.0-pre.21"
  resolved "https://registry.yarnpkg.com/@polymer/iron-doc-viewer/-/iron-doc-viewer-3.0.0-pre.21.tgz#4779092b9d4c38ea203cbd816deb797344ba466b"
  dependencies:
    "@polymer/iron-location" "^3.0.0-pre.21"
    "@polymer/marked-element" "^3.0.0-pre.21"
    "@polymer/paper-styles" "^3.0.0-pre.21"
    "@polymer/polymer" "^3.0.0"
    "@polymer/prism-element" "^3.0.0-pre.21"

"@polymer/iron-fit-behavior@^3.0.0-pre.26":
  version "3.0.1"
  resolved "https://registry.yarnpkg.com/@polymer/iron-fit-behavior/-/iron-fit-behavior-3.0.1.tgz#e5c26b0b4d9e74f0c3d6d56b9cfd460e84bddf0d"
  dependencies:
    "@polymer/polymer" "^3.0.0"

"@polymer/iron-flex-layout@^3.0.0-pre.26":
  version "3.0.1"
  resolved "https://registry.yarnpkg.com/@polymer/iron-flex-layout/-/iron-flex-layout-3.0.1.tgz#36f9e1a8eb792d279b2bc75d362628721ad37f0c"
  dependencies:
    "@polymer/polymer" "^3.0.0"

"@polymer/iron-form-element-behavior@^3.0.0-pre.26":
  version "3.0.1"
  resolved "https://registry.yarnpkg.com/@polymer/iron-form-element-behavior/-/iron-form-element-behavior-3.0.1.tgz#4c79e1981d7796ce659e997f3b8f5e14b4a075a4"
  dependencies:
    "@polymer/polymer" "^3.0.0"

"@polymer/iron-icon@^3.0.0-pre.26":
  version "3.0.1"
  resolved "https://registry.yarnpkg.com/@polymer/iron-icon/-/iron-icon-3.0.1.tgz#93211c39d8825fe4965a68419566036c1df291eb"
  dependencies:
    "@polymer/iron-flex-layout" "^3.0.0-pre.26"
    "@polymer/iron-meta" "^3.0.0-pre.26"
    "@polymer/polymer" "^3.0.0"

"@polymer/iron-icons@^3.0.0-pre.21":
  version "3.0.1"
  resolved "https://registry.yarnpkg.com/@polymer/iron-icons/-/iron-icons-3.0.1.tgz#c1bd31d8483afbdb5422cdc384081e19c9267cfe"
  dependencies:
    "@polymer/iron-icon" "^3.0.0-pre.26"
    "@polymer/iron-iconset-svg" "^3.0.0-pre.26"
    "@polymer/polymer" "^3.0.0"

"@polymer/iron-iconset-svg@^3.0.0-pre.26":
  version "3.0.1"
  resolved "https://registry.yarnpkg.com/@polymer/iron-iconset-svg/-/iron-iconset-svg-3.0.1.tgz#568d6e7dbc120299dae63be3600aeba0d30ddbea"
  dependencies:
    "@polymer/iron-meta" "^3.0.0-pre.26"
    "@polymer/polymer" "^3.0.0"

"@polymer/iron-location@^3.0.0-pre.21":
  version "3.0.1"
  resolved "https://registry.yarnpkg.com/@polymer/iron-location/-/iron-location-3.0.1.tgz#43a59fced248ea71db5833116fcdefa186b79527"
  dependencies:
    "@polymer/polymer" "^3.0.0"

"@polymer/iron-media-query@^3.0.0-pre.26":
  version "3.0.1"
  resolved "https://registry.yarnpkg.com/@polymer/iron-media-query/-/iron-media-query-3.0.1.tgz#5cd8a1c1e8c9b8bafd3dd5da14e0f8d2cfa76d83"
  dependencies:
    "@polymer/polymer" "^3.0.0"

"@polymer/iron-meta@^3.0.0-pre.26":
  version "3.0.1"
  resolved "https://registry.yarnpkg.com/@polymer/iron-meta/-/iron-meta-3.0.1.tgz#7f140628d127b0a284f882f1bb323a261bc125f5"
  dependencies:
    "@polymer/polymer" "^3.0.0"

"@polymer/iron-overlay-behavior@^3.0.0-pre.27":
  version "3.0.2"
  resolved "https://registry.yarnpkg.com/@polymer/iron-overlay-behavior/-/iron-overlay-behavior-3.0.2.tgz#6a12a3f4eab4721eb6978ed950be534c9c283983"
  dependencies:
    "@polymer/iron-a11y-keys-behavior" "^3.0.0-pre.26"
    "@polymer/iron-fit-behavior" "^3.0.0-pre.26"
    "@polymer/iron-resizable-behavior" "^3.0.0-pre.26"
    "@polymer/polymer" "^3.0.0"

"@polymer/iron-range-behavior@^3.0.0-pre.26":
  version "3.0.1"
  resolved "https://registry.yarnpkg.com/@polymer/iron-range-behavior/-/iron-range-behavior-3.0.1.tgz#0aba35addb0a390bd3eafc307c35389cddbe8677"
  dependencies:
    "@polymer/polymer" "^3.0.0"

"@polymer/iron-resizable-behavior@^3.0.0-pre.26":
  version "3.0.1"
  resolved "https://registry.yarnpkg.com/@polymer/iron-resizable-behavior/-/iron-resizable-behavior-3.0.1.tgz#e284348ed7c1c7e263f7039297532fa954025ea2"
  dependencies:
    "@polymer/polymer" "^3.0.0"

"@polymer/iron-scroll-target-behavior@^3.0.0-pre.26":
  version "3.0.1"
  resolved "https://registry.yarnpkg.com/@polymer/iron-scroll-target-behavior/-/iron-scroll-target-behavior-3.0.1.tgz#29fa644b320fb29ab6c68eb6d08a6520157764ac"
  dependencies:
    "@polymer/polymer" "^3.0.0"

"@polymer/iron-validatable-behavior@^3.0.0-pre.26":
  version "3.0.1"
  resolved "https://registry.yarnpkg.com/@polymer/iron-validatable-behavior/-/iron-validatable-behavior-3.0.1.tgz#73538f005a07741c31b6fc1e981168c3d3e0d92b"
  dependencies:
    "@polymer/iron-meta" "^3.0.0-pre.26"
    "@polymer/polymer" "^3.0.0"

"@polymer/marked-element@^3.0.0-pre.21":
  version "3.0.1"
  resolved "https://registry.yarnpkg.com/@polymer/marked-element/-/marked-element-3.0.1.tgz#56add62080404dea142c055977807ae9ca773a89"
  dependencies:
    "@polymer/polymer" "^3.0.0"
    marked "~0.3.9"

"@polymer/paper-behaviors@^3.0.0-pre.27":
  version "3.0.1"
  resolved "https://registry.yarnpkg.com/@polymer/paper-behaviors/-/paper-behaviors-3.0.1.tgz#83f1cd06489f484c1b108a2967fb01952df722ad"
  dependencies:
    "@polymer/iron-behaviors" "^3.0.0-pre.26"
    "@polymer/iron-checked-element-behavior" "^3.0.0-pre.26"
    "@polymer/paper-ripple" "^3.0.0-pre.26"
    "@polymer/polymer" "^3.0.0"

"@polymer/paper-icon-button@^3.0.0-pre.21":
  version "3.0.1"
  resolved "https://registry.yarnpkg.com/@polymer/paper-icon-button/-/paper-icon-button-3.0.1.tgz#4af7129c82de9d4a0ad59d43e1d3d8ec93414fbf"
  dependencies:
    "@polymer/iron-icon" "^3.0.0-pre.26"
    "@polymer/paper-behaviors" "^3.0.0-pre.27"
    "@polymer/paper-styles" "^3.0.0-pre.26"
    "@polymer/polymer" "^3.0.0"

"@polymer/paper-progress@^3.0.0-pre.21":
  version "3.0.1"
  resolved "https://registry.yarnpkg.com/@polymer/paper-progress/-/paper-progress-3.0.1.tgz#2943054a909ad381236b3c7aecee078123bba839"
  dependencies:
    "@polymer/iron-flex-layout" "^3.0.0-pre.26"
    "@polymer/iron-range-behavior" "^3.0.0-pre.26"
    "@polymer/paper-styles" "^3.0.0-pre.26"
    "@polymer/polymer" "^3.0.0"

"@polymer/paper-ripple@^3.0.0-pre.26":
  version "3.0.1"
  resolved "https://registry.yarnpkg.com/@polymer/paper-ripple/-/paper-ripple-3.0.1.tgz#28e506f079f840703bf8cbfd62966e1e83ebc3c3"
  dependencies:
    "@polymer/iron-a11y-keys-behavior" "^3.0.0-pre.26"
    "@polymer/polymer" "^3.0.0"

"@polymer/paper-styles@^3.0.0-pre.21", "@polymer/paper-styles@^3.0.0-pre.26":
  version "3.0.1"
  resolved "https://registry.yarnpkg.com/@polymer/paper-styles/-/paper-styles-3.0.1.tgz#bd4962b83ab8432cd1cf197bb5222d3a08f135e1"
  dependencies:
    "@polymer/font-roboto" "^3.0.1"
    "@polymer/iron-flex-layout" "^3.0.0-pre.26"
    "@polymer/polymer" "^3.0.0"

"@polymer/paper-toast@^3.0.0-pre.21":
  version "3.0.1"
  resolved "https://registry.yarnpkg.com/@polymer/paper-toast/-/paper-toast-3.0.1.tgz#213aa3373909cee7c8e17299cf70fa2603bfb358"
  dependencies:
    "@polymer/iron-a11y-announcer" "^3.0.0-pre.26"
    "@polymer/iron-fit-behavior" "^3.0.0-pre.26"
    "@polymer/iron-overlay-behavior" "^3.0.0-pre.27"
    "@polymer/polymer" "^3.0.0"

"@polymer/polymer@^3.0.0", "@polymer/polymer@^3.0.2":
  version "3.1.0"
  resolved "https://registry.yarnpkg.com/@polymer/polymer/-/polymer-3.1.0.tgz#3e1b7447a1e350fd654e1823def655d0f0828a70"
  dependencies:
    "@webcomponents/shadycss" "^1.5.2"

"@polymer/prism-element@^3.0.0-pre.21":
  version "3.0.1"
  resolved "https://registry.yarnpkg.com/@polymer/prism-element/-/prism-element-3.0.1.tgz#b35d53eec9ecea5e5fec7c82c7e978e760e53501"
  dependencies:
    "@polymer/polymer" "^3.0.0"
    prismjs "^1.11.0"

"@polymer/sinonjs@^1.14.1":
  version "1.17.1"
  resolved "https://registry.yarnpkg.com/@polymer/sinonjs/-/sinonjs-1.17.1.tgz#e47d3785b7d0e8c29feb97f7e924b0fc597e2e9b"

"@polymer/test-fixture@^3.0.0-pre.1":
  version "3.0.0-pre.21"
  resolved "https://registry.yarnpkg.com/@polymer/test-fixture/-/test-fixture-3.0.0-pre.21.tgz#85152207cb0bf57caebc191c80bb0fdb6952614e"

"@protobufjs/aspromise@^1.1.1", "@protobufjs/aspromise@^1.1.2":
  version "1.1.2"
  resolved "https://registry.yarnpkg.com/@protobufjs/aspromise/-/aspromise-1.1.2.tgz#9b8b0cc663d669a7d8f6f5d0893a14d348f30fbf"

"@protobufjs/base64@^1.1.2":
  version "1.1.2"
  resolved "https://registry.yarnpkg.com/@protobufjs/base64/-/base64-1.1.2.tgz#4c85730e59b9a1f1f349047dbf24296034bb2735"

"@protobufjs/codegen@^2.0.4":
  version "2.0.4"
  resolved "https://registry.yarnpkg.com/@protobufjs/codegen/-/codegen-2.0.4.tgz#7ef37f0d010fb028ad1ad59722e506d9262815cb"

"@protobufjs/eventemitter@^1.1.0":
  version "1.1.0"
  resolved "https://registry.yarnpkg.com/@protobufjs/eventemitter/-/eventemitter-1.1.0.tgz#355cbc98bafad5978f9ed095f397621f1d066b70"

"@protobufjs/fetch@^1.1.0":
  version "1.1.0"
  resolved "https://registry.yarnpkg.com/@protobufjs/fetch/-/fetch-1.1.0.tgz#ba99fb598614af65700c1619ff06d454b0d84c45"
  dependencies:
    "@protobufjs/aspromise" "^1.1.1"
    "@protobufjs/inquire" "^1.1.0"

"@protobufjs/float@^1.0.2":
  version "1.0.2"
  resolved "https://registry.yarnpkg.com/@protobufjs/float/-/float-1.0.2.tgz#5e9e1abdcb73fc0a7cb8b291df78c8cbd97b87d1"

"@protobufjs/inquire@^1.1.0":
  version "1.1.0"
  resolved "https://registry.yarnpkg.com/@protobufjs/inquire/-/inquire-1.1.0.tgz#ff200e3e7cf2429e2dcafc1140828e8cc638f089"

"@protobufjs/path@^1.1.2":
  version "1.1.2"
  resolved "https://registry.yarnpkg.com/@protobufjs/path/-/path-1.1.2.tgz#6cc2b20c5c9ad6ad0dccfd21ca7673d8d7fbf68d"

"@protobufjs/pool@^1.1.0":
  version "1.1.0"
  resolved "https://registry.yarnpkg.com/@protobufjs/pool/-/pool-1.1.0.tgz#09fd15f2d6d3abfa9b65bc366506d6ad7846ff54"

"@protobufjs/utf8@^1.1.0":
  version "1.1.0"
  resolved "https://registry.yarnpkg.com/@protobufjs/utf8/-/utf8-1.1.0.tgz#a777360b5b39a1a2e5106f8e858f2fd2d060c570"

"@types/long@^4.0.1":
  version "4.0.1"
  resolved "https://registry.yarnpkg.com/@types/long/-/long-4.0.1.tgz#459c65fa1867dafe6a8f322c4c51695663cc55e9"

"@types/node@>=12.12.47", "@types/node@>=13.7.0":
  version "17.0.21"
  resolved "https://registry.yarnpkg.com/@types/node/-/node-17.0.21.tgz#864b987c0c68d07b4345845c3e63b75edd143644"

"@webcomponents/shadycss@^1.5.2":
  version "1.5.2"
  resolved "https://registry.yarnpkg.com/@webcomponents/shadycss/-/shadycss-1.5.2.tgz#ad72f43000c39ba4ac61e625131f34f4b7cfe55f"

"@webcomponents/webcomponentsjs@^2.0.0", "@webcomponents/webcomponentsjs@^2.0.3":
  version "2.1.3"
  resolved "https://registry.yarnpkg.com/@webcomponents/webcomponentsjs/-/webcomponentsjs-2.1.3.tgz#f7430c6efe52ab06f69d219fddd32afd2758f683"

accessibility-developer-tools@^2.12.0:
  version "2.12.0"
  resolved "https://registry.yarnpkg.com/accessibility-developer-tools/-/accessibility-developer-tools-2.12.0.tgz#3da0cce9d6ec6373964b84f35db7cfc3df7ab514"

ansi-regex@^2.0.0:
  version "2.1.1"
  resolved "https://registry.yarnpkg.com/ansi-regex/-/ansi-regex-2.1.1.tgz#c3b33ab5ee360d86e0e628f0468ae7ef27d654df"

ansi-regex@^5.0.1:
  version "5.0.1"
  resolved "https://registry.yarnpkg.com/ansi-regex/-/ansi-regex-5.0.1.tgz#082cb2c89c9fe8659a311a53bd6a4dc5301db304"

ansi-styles@^2.2.1:
  version "2.2.1"
  resolved "https://registry.yarnpkg.com/ansi-styles/-/ansi-styles-2.2.1.tgz#b432dd3358b634cf75e1e4664368240533c1ddbe"

ansi-styles@^4.0.0:
  version "4.3.0"
  resolved "https://registry.yarnpkg.com/ansi-styles/-/ansi-styles-4.3.0.tgz#edd803628ae71c04c85ae7a0906edad34b648937"
  dependencies:
    color-convert "^2.0.1"

assertion-error@^1.0.1:
  version "1.1.0"
  resolved "https://registry.yarnpkg.com/assertion-error/-/assertion-error-1.1.0.tgz#e60b6b0e8f301bd97e5375215bda406c85118c0b"

async@^1.5.2:
  version "1.5.2"
  resolved "https://registry.npmjs.org/async/-/async-1.5.2.tgz#ec6a61ae56480c0c3cb241c95618e20892f9672a"

balanced-match@^1.0.0:
  version "1.0.0"
  resolved "https://registry.yarnpkg.com/balanced-match/-/balanced-match-1.0.0.tgz#89b4d199ab2bee49de164ea02b89ce462d71b767"

brace-expansion@^1.1.7:
  version "1.1.11"
  resolved "https://registry.yarnpkg.com/brace-expansion/-/brace-expansion-1.1.11.tgz#3c7fcbf529d87226f3d2f52b966ff5271eb441dd"
  dependencies:
    balanced-match "^1.0.0"
    concat-map "0.0.1"

browser-stdout@1.3.0:
  version "1.3.0"
  resolved "https://registry.yarnpkg.com/browser-stdout/-/browser-stdout-1.3.0.tgz#f351d32969d32fa5d7a5567154263d928ae3bd1f"

chai@^3.5.0:
  version "3.5.0"
  resolved "https://registry.npmjs.org/chai/-/chai-3.5.0.tgz#4d02637b067fe958bdbfdd3a40ec56fef7373247"
  dependencies:
    assertion-error "^1.0.1"
    deep-eql "^0.1.3"
    type-detect "^1.0.0"

chalk@^1.1.1:
  version "1.1.3"
  resolved "https://registry.npmjs.org/chalk/-/chalk-1.1.3.tgz#a8115c55e4a702fe4d150abd3872822a7e09fc98"
  dependencies:
    ansi-styles "^2.2.1"
    escape-string-regexp "^1.0.2"
    has-ansi "^2.0.0"
    strip-ansi "^3.0.0"
    supports-color "^2.0.0"

cliui@^7.0.2:
  version "7.0.4"
  resolved "https://registry.yarnpkg.com/cliui/-/cliui-7.0.4.tgz#a0265ee655476fc807aea9df3df8df7783808b4f"
  dependencies:
    string-width "^4.2.0"
    strip-ansi "^6.0.0"
    wrap-ansi "^7.0.0"

color-convert@^2.0.1:
  version "2.0.1"
  resolved "https://registry.yarnpkg.com/color-convert/-/color-convert-2.0.1.tgz#72d3a68d598c9bdb3af2ad1e84f21d896abd4de3"
  dependencies:
    color-name "~1.1.4"

color-name@~1.1.4:
  version "1.1.4"
  resolved "https://registry.yarnpkg.com/color-name/-/color-name-1.1.4.tgz#c2a09a87acbde69543de6f63fa3995c826c536a2"

commander@2.9.0:
  version "2.9.0"
  resolved "https://registry.npmjs.org/commander/-/commander-2.9.0.tgz#9c99094176e12240cb22d6c5146098400fe0f7d4"
  dependencies:
    graceful-readlink ">= 1.0.0"

concat-map@0.0.1:
  version "0.0.1"
  resolved "https://registry.yarnpkg.com/concat-map/-/concat-map-0.0.1.tgz#d8a96bd77fd68df7793a73036a3ba0d5405d477b"

core-js@3.6.5:
  version "3.6.5"
  resolved "https://registry.yarnpkg.com/core-js/-/core-js-3.6.5.tgz#7395dc273af37fb2e50e9bd3d9fe841285231d1a"

debug@2.6.8:
  version "2.6.8"
  resolved "https://registry.yarnpkg.com/debug/-/debug-2.6.8.tgz#e731531ca2ede27d188222427da17821d68ff4fc"
  dependencies:
    ms "2.0.0"

deep-eql@^0.1.3:
  version "0.1.3"
  resolved "https://registry.npmjs.org/deep-eql/-/deep-eql-0.1.3.tgz#ef558acab8de25206cd713906d74e56930eb69f2"
  dependencies:
    type-detect "0.1.1"

diff@3.2.0:
  version "3.2.0"
  resolved "https://registry.yarnpkg.com/diff/-/diff-3.2.0.tgz#c9ce393a4b7cbd0b058a725c93df299027868ff9"

dom-storage@2.1.0:
  version "2.1.0"
  resolved "https://registry.yarnpkg.com/dom-storage/-/dom-storage-2.1.0.tgz#00fb868bc9201357ea243c7bcfd3304c1e34ea39"

emoji-regex@^8.0.0:
  version "8.0.0"
  resolved "https://registry.yarnpkg.com/emoji-regex/-/emoji-regex-8.0.0.tgz#e818fd69ce5ccfcb404594f842963bf53164cc37"

escalade@^3.1.1:
  version "3.1.1"
  resolved "https://registry.yarnpkg.com/escalade/-/escalade-3.1.1.tgz#d8cfdc7000965c5a0174b4a82eaa5c0552742e40"

escape-string-regexp@1.0.5, escape-string-regexp@^1.0.2:
  version "1.0.5"
  resolved "https://registry.yarnpkg.com/escape-string-regexp/-/escape-string-regexp-1.0.5.tgz#1b61c0562190a8dff6ae3bb2cf0200ca130b86d4"

faye-websocket@0.11.3:
  version "0.11.3"
  resolved "https://registry.yarnpkg.com/faye-websocket/-/faye-websocket-0.11.3.tgz#5c0e9a8968e8912c286639fde977a8b209f2508e"
  dependencies:
    websocket-driver ">=0.5.1"

firebase@^7.0.0:
  version "7.24.0"
  resolved "https://registry.yarnpkg.com/firebase/-/firebase-7.24.0.tgz#dab53b9c0f1c9538d2d6f4f51769897b0b6d60d8"
  dependencies:
    "@firebase/analytics" "0.6.0"
    "@firebase/app" "0.6.11"
    "@firebase/app-types" "0.6.1"
    "@firebase/auth" "0.15.0"
    "@firebase/database" "0.6.13"
    "@firebase/firestore" "1.18.0"
    "@firebase/functions" "0.5.1"
    "@firebase/installations" "0.4.17"
    "@firebase/messaging" "0.7.1"
    "@firebase/performance" "0.4.2"
    "@firebase/polyfill" "0.3.36"
    "@firebase/remote-config" "0.1.28"
    "@firebase/storage" "0.3.43"
    "@firebase/util" "0.3.2"

formatio@1.1.1:
  version "1.1.1"
  resolved "https://registry.yarnpkg.com/formatio/-/formatio-1.1.1.tgz#5ed3ccd636551097383465d996199100e86161e9"
  dependencies:
    samsam "~1.1"

fs.realpath@^1.0.0:
  version "1.0.0"
  resolved "https://registry.yarnpkg.com/fs.realpath/-/fs.realpath-1.0.0.tgz#1504ad2523158caa40db4a2787cb01411994ea4f"

get-caller-file@^2.0.5:
  version "2.0.5"
  resolved "https://registry.yarnpkg.com/get-caller-file/-/get-caller-file-2.0.5.tgz#4f94412a82db32f36e3b0b9741f8a97feb031f7e"

glob@7.1.1:
  version "7.1.1"
  resolved "https://registry.yarnpkg.com/glob/-/glob-7.1.1.tgz#805211df04faaf1c63a3600306cdf5ade50b2ec8"
  dependencies:
    fs.realpath "^1.0.0"
    inflight "^1.0.4"
    inherits "2"
    minimatch "^3.0.2"
    once "^1.3.0"
    path-is-absolute "^1.0.0"

"graceful-readlink@>= 1.0.0":
  version "1.0.1"
  resolved "https://registry.yarnpkg.com/graceful-readlink/-/graceful-readlink-1.0.1.tgz#4cafad76bc62f02fa039b2f94e9a3dd3a391a725"

growl@1.9.2:
  version "1.9.2"
  resolved "https://registry.yarnpkg.com/growl/-/growl-1.9.2.tgz#0ea7743715db8d8de2c5ede1775e1b45ac85c02f"

has-ansi@^2.0.0:
  version "2.0.0"
  resolved "https://registry.yarnpkg.com/has-ansi/-/has-ansi-2.0.0.tgz#34f5049ce1ecdf2b0649af3ef24e45ed35416d91"
  dependencies:
    ansi-regex "^2.0.0"

has-flag@^1.0.0:
  version "1.0.0"
  resolved "https://registry.yarnpkg.com/has-flag/-/has-flag-1.0.0.tgz#9d9e793165ce017a00f00418c43f942a7b1d11fa"

he@1.1.1:
  version "1.1.1"
  resolved "https://registry.yarnpkg.com/he/-/he-1.1.1.tgz#93410fd21b009735151f8868c2f271f3427e23fd"

http-parser-js@>=0.4.0:
  version "0.5.0"
  resolved "https://registry.yarnpkg.com/http-parser-js/-/http-parser-js-0.5.0.tgz#d65edbede84349d0dc30320815a15d39cc3cbbd8"

idb@3.0.2:
  version "3.0.2"
  resolved "https://registry.yarnpkg.com/idb/-/idb-3.0.2.tgz#c8e9122d5ddd40f13b60ae665e4862f8b13fa384"

inflight@^1.0.4:
  version "1.0.6"
  resolved "https://registry.yarnpkg.com/inflight/-/inflight-1.0.6.tgz#49bd6331d7d02d0c09bc910a1075ba8165b56df9"
  dependencies:
    once "^1.3.0"
    wrappy "1"

inherits@2, inherits@2.0.3:
  version "2.0.3"
  resolved "https://registry.yarnpkg.com/inherits/-/inherits-2.0.3.tgz#633c2c83e3da42a502f52466022480f4208261de"

is-fullwidth-code-point@^3.0.0:
  version "3.0.0"
  resolved "https://registry.yarnpkg.com/is-fullwidth-code-point/-/is-fullwidth-code-point-3.0.0.tgz#f116f8064fe90b3f7844a38997c0b75051269f1d"

json3@3.3.2:
  version "3.3.2"
  resolved "https://registry.yarnpkg.com/json3/-/json3-3.3.2.tgz#3c0434743df93e2f5c42aee7b19bcb483575f4e1"

lodash._baseassign@^3.0.0:
  version "3.2.0"
  resolved "https://registry.yarnpkg.com/lodash._baseassign/-/lodash._baseassign-3.2.0.tgz#8c38a099500f215ad09e59f1722fd0c52bfe0a4e"
  dependencies:
    lodash._basecopy "^3.0.0"
    lodash.keys "^3.0.0"

lodash._basecopy@^3.0.0:
  version "3.0.1"
  resolved "https://registry.yarnpkg.com/lodash._basecopy/-/lodash._basecopy-3.0.1.tgz#8da0e6a876cf344c0ad8a54882111dd3c5c7ca36"

lodash._basecreate@^3.0.0:
  version "3.0.3"
  resolved "https://registry.yarnpkg.com/lodash._basecreate/-/lodash._basecreate-3.0.3.tgz#1bc661614daa7fc311b7d03bf16806a0213cf821"

lodash._getnative@^3.0.0:
  version "3.9.1"
  resolved "https://registry.yarnpkg.com/lodash._getnative/-/lodash._getnative-3.9.1.tgz#570bc7dede46d61cdcde687d65d3eecbaa3aaff5"

lodash._isiterateecall@^3.0.0:
  version "3.0.9"
  resolved "https://registry.yarnpkg.com/lodash._isiterateecall/-/lodash._isiterateecall-3.0.9.tgz#5203ad7ba425fae842460e696db9cf3e6aac057c"

lodash.camelcase@^4.3.0:
  version "4.3.0"
  resolved "https://registry.yarnpkg.com/lodash.camelcase/-/lodash.camelcase-4.3.0.tgz#b28aa6288a2b9fc651035c7711f65ab6190331a6"

lodash.create@3.1.1:
  version "3.1.1"
  resolved "https://registry.yarnpkg.com/lodash.create/-/lodash.create-3.1.1.tgz#d7f2849f0dbda7e04682bb8cd72ab022461debe7"
  dependencies:
    lodash._baseassign "^3.0.0"
    lodash._basecreate "^3.0.0"
    lodash._isiterateecall "^3.0.0"

lodash.isarguments@^3.0.0:
  version "3.1.0"
  resolved "https://registry.yarnpkg.com/lodash.isarguments/-/lodash.isarguments-3.1.0.tgz#2f573d85c6a24289ff00663b491c1d338ff3458a"

lodash.isarray@^3.0.0:
  version "3.0.4"
  resolved "https://registry.yarnpkg.com/lodash.isarray/-/lodash.isarray-3.0.4.tgz#79e4eb88c36a8122af86f844aa9bcd851b5fbb55"

lodash.keys@^3.0.0:
  version "3.1.2"
  resolved "https://registry.yarnpkg.com/lodash.keys/-/lodash.keys-3.1.2.tgz#4dbc0472b156be50a0b286855d1bd0b0c656098a"
  dependencies:
    lodash._getnative "^3.0.0"
    lodash.isarguments "^3.0.0"
    lodash.isarray "^3.0.0"

lodash@^3.0.0, lodash@^3.10.1:
  version "3.10.1"
  resolved "https://registry.npmjs.org/lodash/-/lodash-3.10.1.tgz#5bf45e8e49ba4189e17d482789dfd15bd140b7b6"

lolex@1.3.2:
  version "1.3.2"
  resolved "https://registry.npmjs.org/lolex/-/lolex-1.3.2.tgz#7c3da62ffcb30f0f5a80a2566ca24e45d8a01f31"

long@^4.0.0:
  version "4.0.0"
  resolved "https://registry.yarnpkg.com/long/-/long-4.0.0.tgz#9a7b71cfb7d361a194ea555241c92f7468d5bf28"

marked@~0.3.9:
  version "0.3.19"
  resolved "https://registry.npmjs.org/marked/-/marked-0.3.19.tgz#5d47f709c4c9fc3c216b6d46127280f40b39d790"

minimatch@^3.0.2:
  version "3.0.4"
  resolved "https://registry.yarnpkg.com/minimatch/-/minimatch-3.0.4.tgz#5166e286457f03306064be5497e8dbb0c3d32083"
  dependencies:
    brace-expansion "^1.1.7"

minimist@0.0.8:
  version "0.0.8"
  resolved "https://registry.npmjs.org/minimist/-/minimist-0.0.8.tgz#857fcabfc3397d2625b8228262e86aa7a011b05d"

mkdirp@0.5.1:
  version "0.5.1"
  resolved "https://registry.npmjs.org/mkdirp/-/mkdirp-0.5.1.tgz#30057438eac6cf7f8c4767f38648d6697d75c903"
  dependencies:
    minimist "0.0.8"

mocha@^3.4.2:
  version "3.5.3"
  resolved "https://registry.yarnpkg.com/mocha/-/mocha-3.5.3.tgz#1e0480fe36d2da5858d1eb6acc38418b26eaa20d"
  dependencies:
    browser-stdout "1.3.0"
    commander "2.9.0"
    debug "2.6.8"
    diff "3.2.0"
    escape-string-regexp "1.0.5"
    glob "7.1.1"
    growl "1.9.2"
    he "1.1.1"
    json3 "3.3.2"
    lodash.create "3.1.1"
    mkdirp "0.5.1"
    supports-color "3.1.2"

ms@2.0.0:
  version "2.0.0"
  resolved "https://registry.yarnpkg.com/ms/-/ms-2.0.0.tgz#5608aeadfc00be6c2901df5f9861788de0d597c8"

node-fetch@2.6.1:
  version "2.6.1"
  resolved "https://registry.yarnpkg.com/node-fetch/-/node-fetch-2.6.1.tgz#045bd323631f76ed2e2b55573394416b639a0052"

once@^1.3.0:
  version "1.4.0"
  resolved "https://registry.yarnpkg.com/once/-/once-1.4.0.tgz#583b1aa775961d4b113ac17d9c50baef9dd76bd1"
  dependencies:
    wrappy "1"

path-is-absolute@^1.0.0:
  version "1.0.1"
  resolved "https://registry.npmjs.org/path-is-absolute/-/path-is-absolute-1.0.1.tgz#174b9268735534ffbc7ace6bf53a5a9e1b5c5f5f"

prismjs@^1.11.0:
  version "1.27.0"
  resolved "https://registry.yarnpkg.com/prismjs/-/prismjs-1.27.0.tgz#bb6ee3138a0b438a3653dd4d6ce0cc6510a45057"

promise-polyfill@8.1.3:
  version "8.1.3"
  resolved "https://registry.yarnpkg.com/promise-polyfill/-/promise-polyfill-8.1.3.tgz#8c99b3cf53f3a91c68226ffde7bde81d7f904116"

protobufjs@^6.10.0, protobufjs@^6.8.6:
  version "6.11.2"
  resolved "https://registry.yarnpkg.com/protobufjs/-/protobufjs-6.11.2.tgz#de39fabd4ed32beaa08e9bb1e30d08544c1edf8b"
  dependencies:
    "@protobufjs/aspromise" "^1.1.2"
    "@protobufjs/base64" "^1.1.2"
    "@protobufjs/codegen" "^2.0.4"
    "@protobufjs/eventemitter" "^1.1.0"
    "@protobufjs/fetch" "^1.1.0"
    "@protobufjs/float" "^1.0.2"
    "@protobufjs/inquire" "^1.1.0"
    "@protobufjs/path" "^1.1.2"
    "@protobufjs/pool" "^1.1.0"
    "@protobufjs/utf8" "^1.1.0"
    "@types/long" "^4.0.1"
    "@types/node" ">=13.7.0"
    long "^4.0.0"

require-directory@^2.1.1:
  version "2.1.1"
  resolved "https://registry.yarnpkg.com/require-directory/-/require-directory-2.1.1.tgz#8c64ad5fd30dab1c976e2344ffe7f792a6a6df42"

samsam@1.1.2:
  version "1.1.2"
  resolved "https://registry.yarnpkg.com/samsam/-/samsam-1.1.2.tgz#bec11fdc83a9fda063401210e40176c3024d1567"

samsam@~1.1:
  version "1.1.3"
  resolved "https://registry.yarnpkg.com/samsam/-/samsam-1.1.3.tgz#9f5087419b4d091f232571e7fa52e90b0f552621"

sinon-chai@^2.10.0:
  version "2.14.0"
  resolved "https://registry.yarnpkg.com/sinon-chai/-/sinon-chai-2.14.0.tgz#da7dd4cc83cd6a260b67cca0f7a9fdae26a1205d"

sinon@^1.17.1:
  version "1.17.7"
  resolved "https://registry.npmjs.org/sinon/-/sinon-1.17.7.tgz#4542a4f49ba0c45c05eb2e9dd9d203e2b8efe0bf"
  dependencies:
    formatio "1.1.1"
    lolex "1.3.2"
    samsam "1.1.2"
    util ">=0.10.3 <1"

stacky@^1.3.1:
  version "1.3.1"
  resolved "https://registry.npmjs.org/stacky/-/stacky-1.3.1.tgz#3f117e5187b9a73d23f876d69f05c85b11804a12"
  dependencies:
    chalk "^1.1.1"
    lodash "^3.0.0"

string-width@^4.1.0, string-width@^4.2.0:
  version "4.2.3"
  resolved "https://registry.yarnpkg.com/string-width/-/string-width-4.2.3.tgz#269c7117d27b05ad2e536830a8ec895ef9c6d010"
  dependencies:
    emoji-regex "^8.0.0"
    is-fullwidth-code-point "^3.0.0"
    strip-ansi "^6.0.1"

strip-ansi@^3.0.0:
  version "3.0.1"
  resolved "https://registry.npmjs.org/strip-ansi/-/strip-ansi-3.0.1.tgz#6a385fb8853d952d5ff05d0e8aaf94278dc63dcf"
  dependencies:
    ansi-regex "^2.0.0"

strip-ansi@^6.0.0, strip-ansi@^6.0.1:
  version "6.0.1"
  resolved "https://registry.yarnpkg.com/strip-ansi/-/strip-ansi-6.0.1.tgz#9e26c63d30f53443e9489495b2105d37b67a85d9"
  dependencies:
    ansi-regex "^5.0.1"

supports-color@3.1.2:
  version "3.1.2"
  resolved "https://registry.yarnpkg.com/supports-color/-/supports-color-3.1.2.tgz#72a262894d9d408b956ca05ff37b2ed8a6e2a2d5"
  dependencies:
    has-flag "^1.0.0"

supports-color@^2.0.0:
  version "2.0.0"
  resolved "https://registry.yarnpkg.com/supports-color/-/supports-color-2.0.0.tgz#535d045ce6b6363fa40117084629995e9df324c7"

tslib@^1.11.1:
  version "1.14.1"
  resolved "https://registry.yarnpkg.com/tslib/-/tslib-1.14.1.tgz#cf2d38bdc34a134bcaf1091c41f6619e2f672d00"

type-detect@0.1.1:
  version "0.1.1"
  resolved "https://registry.yarnpkg.com/type-detect/-/type-detect-0.1.1.tgz#0ba5ec2a885640e470ea4e8505971900dac58822"

type-detect@^1.0.0:
  version "1.0.0"
  resolved "https://registry.yarnpkg.com/type-detect/-/type-detect-1.0.0.tgz#762217cc06db258ec48908a1298e8b95121e8ea2"

"util@>=0.10.3 <1":
  version "0.11.1"
  resolved "https://registry.yarnpkg.com/util/-/util-0.11.1.tgz#3236733720ec64bb27f6e26f421aaa2e1b588d61"
  dependencies:
    inherits "2.0.3"

wct-browser-legacy@^1.0.1:
  version "1.0.2"
  resolved "https://registry.yarnpkg.com/wct-browser-legacy/-/wct-browser-legacy-1.0.2.tgz#6be39174bd37e2903028d3dbd2292f9c4ec59767"
  dependencies:
    "@polymer/polymer" "^3.0.0"
    "@polymer/sinonjs" "^1.14.1"
    "@polymer/test-fixture" "^3.0.0-pre.1"
    "@webcomponents/webcomponentsjs" "^2.0.0"
    accessibility-developer-tools "^2.12.0"
    async "^1.5.2"
    chai "^3.5.0"
    lodash "^3.10.1"
    mocha "^3.4.2"
    sinon "^1.17.1"
    sinon-chai "^2.10.0"
    stacky "^1.3.1"

websocket-driver@>=0.5.1:
  version "0.7.0"
  resolved "https://registry.yarnpkg.com/websocket-driver/-/websocket-driver-0.7.0.tgz#0caf9d2d755d93aee049d4bdd0d3fe2cca2a24eb"
  dependencies:
    http-parser-js ">=0.4.0"
    websocket-extensions ">=0.1.1"

websocket-extensions@>=0.1.1:
  version "0.1.3"
  resolved "https://registry.yarnpkg.com/websocket-extensions/-/websocket-extensions-0.1.3.tgz#5d2ff22977003ec687a4b87073dfbbac146ccf29"

whatwg-fetch@2.0.4:
  version "2.0.4"
  resolved "https://registry.npmjs.org/whatwg-fetch/-/whatwg-fetch-2.0.4.tgz#dde6a5df315f9d39991aa17621853d720b85566f"

wrap-ansi@^7.0.0:
  version "7.0.0"
  resolved "https://registry.yarnpkg.com/wrap-ansi/-/wrap-ansi-7.0.0.tgz#67e145cff510a6a6984bdf1152911d69d2eb9e43"
  dependencies:
    ansi-styles "^4.0.0"
    string-width "^4.1.0"
    strip-ansi "^6.0.0"

wrappy@1:
  version "1.0.2"
  resolved "https://registry.yarnpkg.com/wrappy/-/wrappy-1.0.2.tgz#b5243d8f3ec1aa35f1364605bc0d1036e30ab69f"

xmlhttprequest@1.8.0:
  version "1.8.0"
  resolved "https://registry.yarnpkg.com/xmlhttprequest/-/xmlhttprequest-1.8.0.tgz#67fe075c5c24fef39f9d65f5f7b7fe75171968fc"

y18n@^5.0.5:
  version "5.0.8"
  resolved "https://registry.yarnpkg.com/y18n/-/y18n-5.0.8.tgz#7f4934d0f7ca8c56f95314939ddcd2dd91ce1d55"

yargs-parser@^20.2.2:
  version "20.2.9"
  resolved "https://registry.yarnpkg.com/yargs-parser/-/yargs-parser-20.2.9.tgz#2eb7dc3b0289718fc295f362753845c41a0c94ee"

yargs@^16.2.0:
  version "16.2.0"
  resolved "https://registry.yarnpkg.com/yargs/-/yargs-16.2.0.tgz#1c82bf0f6b6a66eafce7ef30e376f49a12477f66"
  dependencies:
    cliui "^7.0.2"
    escalade "^3.1.1"
    get-caller-file "^2.0.5"
    require-directory "^2.1.1"
    string-width "^4.2.0"
    y18n "^5.0.5"
    yargs-parser "^20.2.2"
